<?xml version="1.0" encoding="utf-8"?>
<Project ToolsVersion="4.0" xmlns="http://schemas.microsoft.com/developer/msbuild/2003">
  <ItemGroup>
    <Filter Include="Quelldateien">
      <UniqueIdentifier>{4FC737F1-C7A5-4376-A066-2A32D752A2FF}</UniqueIdentifier>
      <Extensions>cpp;c;cc;cxx;c++;cppm;ixx;def;odl;idl;hpj;bat;asm;asmx</Extensions>
    </Filter>
    <Filter Include="Headerdateien">
      <UniqueIdentifier>{93995380-89BD-4b04-88EB-625FBE52EBFB}</UniqueIdentifier>
      <Extensions>h;hh;hpp;hxx;h++;hm;inl;inc;ipp;xsd</Extensions>
    </Filter>
    <Filter Include="Ressourcendateien">
      <UniqueIdentifier>{67DA6AB6-F800-4c08-8B7A-83BB121AAD01}</UniqueIdentifier>
      <Extensions>rc;ico;cur;bmp;dlg;rc2;rct;bin;rgs;gif;jpg;jpeg;jpe;resx;tiff;tif;png;wav;mfcribbon-ms</Extensions>
    </Filter>
  </ItemGroup>
  <ItemGroup>
    <ClCompile Include="source\main.cpp">
      <Filter>Quelldateien</Filter>
    </ClCompile>
    <ClCompile Include="source\imported\stb_image.cpp">
      <Filter>Quelldateien</Filter>
    </ClCompile>
    <ClCompile Include="source\imported\glad.c">
      <Filter>Quelldateien</Filter>
    </ClCompile>
    <ClCompile Include="source\OpenGLComponents\GLTexture2D.cpp">
      <Filter>Quelldateien</Filter>
    </ClCompile>
    <ClCompile Include="source\OpenGLComponents\Mesh\Mesh.cpp">
      <Filter>Quelldateien</Filter>
    </ClCompile>
    <ClCompile Include="source\OpenGLComponents\Mesh\MeshImport.cpp">
      <Filter>Quelldateien</Filter>
    </ClCompile>
    <ClCompile Include="source\OpenGLComponents\ShaderProgramm.cpp">
      <Filter>Quelldateien</Filter>
    </ClCompile>
    <ClCompile Include="source\KhronosWrapper\OpenXrContext.cpp">
      <Filter>Quelldateien</Filter>
    </ClCompile>
    <ClCompile Include="source\KhronosWrapper\OpenGLHelper.cpp">
      <Filter>Quelldateien</Filter>
    </ClCompile>
    <ClCompile Include="source\Model.cpp">
      <Filter>Quelldateien</Filter>
    </ClCompile>
    <ClCompile Include="source\View.cpp">
      <Filter>Quelldateien</Filter>
    </ClCompile>
    <ClCompile Include="source\Engine\Objects\GameObject.cpp">
      <Filter>Quelldateien</Filter>
    </ClCompile>
    <ClCompile Include="source\Engine\Objects\Components\MeshRenderer.cpp">
      <Filter>Quelldateien</Filter>
    </ClCompile>
    <ClCompile Include="source\Engine\Objects\Components\Component.cpp">
      <Filter>Quelldateien</Filter>
    </ClCompile>
    <ClCompile Include="source\Engine\Objects\Transform.cpp">
      <Filter>Quelldateien</Filter>
    </ClCompile>
    <ClCompile Include="source\Engine\Materials\Material.cpp">
      <Filter>Quelldateien</Filter>
    </ClCompile>
    <ClCompile Include="source\Engine\Scene.cpp">
      <Filter>Quelldateien</Filter>
    </ClCompile>
    <ClCompile Include="source\Engine\Materials\Material_Textures.cpp">
      <Filter>Quelldateien</Filter>
    </ClCompile>
    <ClCompile Include="source\OpenGLComponents\Framebuffer.cpp">
      <Filter>Quelldateien</Filter>
    </ClCompile>
    <ClCompile Include="source\Engine\GBuffer.cpp">
      <Filter>Quelldateien</Filter>
    </ClCompile>
    <ClCompile Include="source\Engine\Objects\Components\PointLight.cpp">
      <Filter>Quelldateien</Filter>
    </ClCompile>
    <ClCompile Include="source\Engine\Objects\Components\SpotLight.cpp">
      <Filter>Quelldateien</Filter>
    </ClCompile>
    <ClCompile Include="source\KhronosWrapper\OpenXrActionSetManager.cpp">
      <Filter>Quelldateien</Filter>
    </ClCompile>
    <ClCompile Include="source\Engine\VRInput.cpp">
      <Filter>Quelldateien</Filter>
    </ClCompile>
    <ClCompile Include="source\Engine\Objects\Components\VRController.cpp">
      <Filter>Quelldateien</Filter>
    </ClCompile>
    <ClCompile Include="source\Engine\Materials\MaterialFactory.cpp">
      <Filter>Quelldateien</Filter>
    </ClCompile>
    <ClCompile Include="source\Engine\Materials\Material_SolidColor.cpp">
      <Filter>Quelldateien</Filter>
    </ClCompile>
    <ClCompile Include="source\Engine\VRInteractions\InteractionManager.cpp">
      <Filter>Quelldateien</Filter>
    </ClCompile>
    <ClCompile Include="source\Engine\VRInteractions\Components\VRInteractor.cpp">
      <Filter>Quelldateien</Filter>
    </ClCompile>
    <ClCompile Include="source\Engine\VRInteractions\Components\VRInteractable.cpp">
      <Filter>Quelldateien</Filter>
    </ClCompile>
    <ClCompile Include="source\Engine\Physics\Physics.cpp">
      <Filter>Quelldateien</Filter>
    </ClCompile>
    <ClCompile Include="source\Engine\Physics\Components\SphereCollider.cpp">
      <Filter>Quelldateien</Filter>
    </ClCompile>
    <ClCompile Include="source\Engine\Physics\Collisions.cpp">
      <Filter>Quelldateien</Filter>
    </ClCompile>
    <ClCompile Include="source\Engine\Physics\Components\Rigidbody.cpp">
      <Filter>Quelldateien</Filter>
    </ClCompile>
    <ClCompile Include="source\Time.cpp">
      <Filter>Quelldateien</Filter>
    </ClCompile>
    <ClCompile Include="source\Engine\Physics\Components\PlaneCollider.cpp">
      <Filter>Quelldateien</Filter>
    </ClCompile>
    <ClCompile Include="source\Engine\Physics\Components\Collider.cpp">
      <Filter>Quelldateien</Filter>
    </ClCompile>
    <ClCompile Include="source\Engine\Physics\Components\BoxCollider.cpp">
      <Filter>Quelldateien</Filter>
    </ClCompile>
    <ClCompile Include="source\Engine\Debug.cpp">
      <Filter>Quelldateien</Filter>
    </ClCompile>
    <ClCompile Include="source\GameSceneBuilder.cpp">
      <Filter>Quelldateien</Filter>
    </ClCompile>
    <ClCompile Include="source\Engine\Objects\Components\Projectile.cpp">
      <Filter>Quelldateien</Filter>
    </ClCompile>
    <ClCompile Include="source\Engine\Objects\Components\Breakable.cpp">
      <Filter>Quelldateien</Filter>
    </ClCompile>
    <ClCompile Include="source\Engine\VRCamera.cpp">
      <Filter>Quelldateien</Filter>
    </ClCompile>
    <ClCompile Include="source\Engine\Objects\Components\ProjectileHandSpawner.cpp">
      <Filter>Quelldateien</Filter>
    </ClCompile>
    <ClCompile Include="source\Engine\Objects\Components\ProjectileRespawner.cpp">
      <Filter>Quelldateien</Filter>
    </ClCompile>
  </ItemGroup>
  <ItemGroup>
    <ClInclude Include="source\imported\stb_image.h">
      <Filter>Headerdateien</Filter>
    </ClInclude>
    <ClInclude Include="source\OpenGLComponents\Mesh\Mesh.h">
      <Filter>Headerdateien</Filter>
    </ClInclude>
    <ClInclude Include="source\OpenGLComponents\Mesh\MeshImport.h">
      <Filter>Headerdateien</Filter>
    </ClInclude>
    <ClInclude Include="source\KhronosWrapper\OpenXrContext.h">
      <Filter>Headerdateien</Filter>
    </ClInclude>
    <ClInclude Include="source\KhronosWrapper\OpenGLHelper.h">
      <Filter>Headerdateien</Filter>
    </ClInclude>
    <ClInclude Include="source\Model.h">
      <Filter>Headerdateien</Filter>
    </ClInclude>
    <ClInclude Include="source\View.h">
      <Filter>Headerdateien</Filter>
    </ClInclude>
    <ClInclude Include="source\Engine\Objects\GameObject.h">
      <Filter>Headerdateien</Filter>
    </ClInclude>
    <ClInclude Include="source\Engine\Objects\Transform.h">
      <Filter>Headerdateien</Filter>
    </ClInclude>
    <ClInclude Include="source\Engine\Objects\Components\Component.h">
      <Filter>Headerdateien</Filter>
    </ClInclude>
    <ClInclude Include="source\Engine\Objects\Components\MeshRenderer.h">
      <Filter>Headerdateien</Filter>
    </ClInclude>
    <ClInclude Include="source\Engine\Materials\Material.h">
      <Filter>Headerdateien</Filter>
    </ClInclude>
    <ClInclude Include="source\Engine\Scene.h">
      <Filter>Headerdateien</Filter>
    </ClInclude>
    <ClInclude Include="source\Engine\Materials\Material_Textures.h">
      <Filter>Headerdateien</Filter>
    </ClInclude>
    <ClInclude Include="source\OpenGLComponents\GLTexture2D.h">
      <Filter>Headerdateien</Filter>
    </ClInclude>
    <ClInclude Include="source\OpenGLComponents\Framebuffer.h">
      <Filter>Headerdateien</Filter>
    </ClInclude>
    <ClInclude Include="source\Engine\GBuffer.h">
      <Filter>Headerdateien</Filter>
    </ClInclude>
    <ClInclude Include="source\Engine\Objects\Components\PointLight.h">
      <Filter>Headerdateien</Filter>
    </ClInclude>
    <ClInclude Include="source\Engine\Objects\Components\SpotLight.h">
      <Filter>Headerdateien</Filter>
    </ClInclude>
    <ClInclude Include="source\OpenGLComponents\ShaderProgramm.h">
      <Filter>Headerdateien</Filter>
    </ClInclude>
    <ClInclude Include="source\KhronosWrapper\OpenXrActionSetManager.h">
      <Filter>Headerdateien</Filter>
    </ClInclude>
    <ClInclude Include="source\Engine\VRInput.h">
      <Filter>Headerdateien</Filter>
    </ClInclude>
    <ClInclude Include="source\Engine\Objects\Components\VRController.h">
      <Filter>Headerdateien</Filter>
    </ClInclude>
    <ClInclude Include="source\Engine\Materials\MaterialFactory.h">
      <Filter>Headerdateien</Filter>
    </ClInclude>
    <ClInclude Include="source\Engine\Materials\Material_SolidColor.h">
      <Filter>Headerdateien</Filter>
    </ClInclude>
    <ClInclude Include="source\Engine\VRInteractions\InteractionManager.h">
      <Filter>Headerdateien</Filter>
    </ClInclude>
    <ClInclude Include="source\Engine\VRInteractions\Components\VRInteractor.h">
      <Filter>Headerdateien</Filter>
    </ClInclude>
    <ClInclude Include="source\Engine\VRInteractions\Components\VRInteractable.h">
      <Filter>Headerdateien</Filter>
    </ClInclude>
    <ClInclude Include="source\Engine\Physics\Physics.h">
      <Filter>Headerdateien</Filter>
    </ClInclude>
    <ClInclude Include="source\Engine\Physics\Components\SphereCollider.h">
      <Filter>Headerdateien</Filter>
    </ClInclude>
    <ClInclude Include="source\Engine\Physics\Collisions.h">
      <Filter>Headerdateien</Filter>
    </ClInclude>
    <ClInclude Include="source\Engine\Physics\Components\Rigidbody.h">
      <Filter>Headerdateien</Filter>
    </ClInclude>
    <ClInclude Include="source\Time.h">
      <Filter>Headerdateien</Filter>
    </ClInclude>
    <ClInclude Include="source\Engine\Physics\Components\PlaneCollider.h">
      <Filter>Headerdateien</Filter>
    </ClInclude>
    <ClInclude Include="source\Engine\Physics\Components\Collider.h">
      <Filter>Headerdateien</Filter>
    </ClInclude>
    <ClInclude Include="source\Engine\Physics\Components\BoxCollider.h">
      <Filter>Headerdateien</Filter>
    </ClInclude>
    <ClInclude Include="source\Engine\Debug.h">
      <Filter>Headerdateien</Filter>
    </ClInclude>
    <ClInclude Include="source\GameSceneBuilder.h">
      <Filter>Headerdateien</Filter>
    </ClInclude>
    <ClInclude Include="source\Engine\Objects\Components\Projectile.h">
      <Filter>Headerdateien</Filter>
    </ClInclude>
    <ClInclude Include="source\Engine\Objects\Components\Breakable.h">
      <Filter>Headerdateien</Filter>
    </ClInclude>
    <ClInclude Include="source\Engine\VRCamera.h">
      <Filter>Headerdateien</Filter>
    </ClInclude>
    <ClInclude Include="source\Engine\Objects\Components\ProjectileHandSpawner.h">
      <Filter>Headerdateien</Filter>
    </ClInclude>
    <ClInclude Include="source\Engine\Objects\Components\ProjectileRespawner.h">
      <Filter>Headerdateien</Filter>
    </ClInclude>
  </ItemGroup>
  <ItemGroup>
    <Image Include="..\..\..\Uni\ACG\Advanced Computer Graphics\3D Engine\content\Textures\Models\Skybox_Diff.png">
      <Filter>Ressourcendateien</Filter>
    </Image>
    <Image Include="..\..\..\Uni\ACG\Advanced Computer Graphics\3D Engine\content\Textures\Models\Skybox_Normal.png">
      <Filter>Ressourcendateien</Filter>
    </Image>
  </ItemGroup>
</Project>